{
  "name": "praktikum-9-mysql",
  "version": "1.0.0",
  "lockfileVersion": 3,
  "requires": true,
  "packages": {
    "": {
      "name": "praktikum-9-mysql",
      "version": "1.0.0",
      "license": "ISC",
      "dependencies": {
        "mysql2": "^3.15.3"
      }
    },
    "node_modules/aws-ssl-profiles": {
      "version": "1.1.2",
      "resolved": "https://registry.npmjs.org/aws-ssl-profiles/-/aws-ssl-profiles-1.1.2.tgz",
      "integrity": "sha512-NZKeq9AfyQvEeNlN0zSYAaWrmBffJh3IELMZfRpJVWgrpEbtEpnjvzqBPf+mxoI287JohRDoa+/nsfqqiZmF6g==",
      "license": "MIT",
      "engines": {
        "node": ">= 6.0.0"
      }
    },
    "node_modules/denque": {
      "version": "2.1.0",
      "resolved": "https://registry.npmjs.org/denque/-/denque-2.1.0.tgz",
      "integrity": "sha512-HVQE3AAb/pxF8fQAoiqpvg9i3evqug3hoiwakOyZAwJm+6vZehbkYXZ0l4JxS+I3QxM97v5aaRNhj8v5oBhekw==",
      "license": "Apache-2.0",
      "engines": {
        "node": ">=0.10"
      }
    },
    "node_modules/generate-function": {
      "version": "2.3.1",
      "resolved": "https://registry.npmjs.org/generate-function/-/generate-function-2.3.1.tgz",
      "integrity": "sha512-eeB5GfMNeevm/GRYq20ShmsaGcmI81kIX2K9XQx5miC8KdHaC6Jm0qQ8ZNeGOi7wYB8OsdxKs+Y2oVuTFuVwKQ==",
      "license": "MIT",
      "dependencies": {
        "is-property": "^1.0.2"
      }
    },
    "node_modules/iconv-lite": {
      "version": "0.7.0",
      "resolved": "https://registry.npmjs.org/iconv-lite/-/iconv-lite-0.7.0.tgz",
      "integrity": "sha512-cf6L2Ds3h57VVmkZe+Pn+5APsT7FpqJtEhhieDCvrE2MK5Qk9MyffgQyuxQTm6BChfeZNtcOLHp9IcWRVcIcBQ==",
      "license": "MIT",
      "dependencies": {
        "safer-buffer": ">= 2.1.2 < 3.0.0"
      },
      "engines": {
        "node": ">=0.10.0"
      }
    },

    "... (sisanya tetap sama persis seperti file asli Anda) ..."
  }
}